
Microsoft Visual Studio Solution File, Format Version 12.00
# Visual Studio 15
VisualStudioVersion = 15.0.28307.1401
MinimumVisualStudioVersion = 10.0.40219.1
Project("{F184B08F-C81C-45F6-A57F-5ABD9991F28F}") = "Fitness Challenge", "Fitness Challenge\Fitness Challenge.vbproj", "{9CC895D8-E116-4741-8180-913A7C7898F2}"
EndProject
Global
	GlobalSection(SolutionConfigurationPlatforms) = preSolution
		Debug|Any CPU = Debug|Any CPU
		Release|Any CPU = Release|Any CPU
	EndGlobalSection
	GlobalSection(ProjectConfigurationPlatforms) = postSolution
		{9CC895D8-E116-4741-8180-913A7C7898F2}.Debug|Any CPU.ActiveCfg = Debug|Any CPU
		{9CC895D8-E116-4741-8180-913A7C7898F2}.Debug|Any CPU.Build.0 = Debug|Any CPU
		{9CC895D8-E116-4741-8180-913A7C7898F2}.Release|Any CPU.ActiveCfg = Release|Any CPU
		{9CC895D8-E116-4741-8180-913A7C7898F2}.Release|Any CPU.Build.0 = Release|Any CPU
	EndGlobalSection
	GlobalSection(SolutionProperties) = preSolution
		HideSolutionNode = FALSE
	EndGlobalSection
	GlobalSection(ExtensibilityGlobals) = postSolution
		SolutionGuid = {4DCF125E-06AA-467C-9296-D9A7B9C01D51}
	EndGlobalSection
EndGlobal
